// !$*UTF8*$!
{
	archiveVersion = 1;
	classes = {
	};
	objectVersion = 50;
	objects = {

/* Begin PBXBuildFile section */
		063E2E0A0B8534760D909EC6 /* Pods_todoey.framework in Frameworks */ = {isa = PBXBuildFile; fileRef = 5C0A8F2CF1211FF5AABC15EB /* Pods_todoey.framework */; };
		6B2258E42202D57B0010CD5F /* CategoryViewController.swift in Sources */ = {isa = PBXBuildFile; fileRef = 6B2258E32202D57B0010CD5F /* CategoryViewController.swift */; };
		6B36836A2210B2A7008F7B58 /* Item.swift in Sources */ = {isa = PBXBuildFile; fileRef = 6B3683692210B2A7008F7B58 /* Item.swift */; };
		6B36836C2210B81D008F7B58 /* Category.swift in Sources */ = {isa = PBXBuildFile; fileRef = 6B36836B2210B81D008F7B58 /* Category.swift */; };
		8D3EC77221746BB900510C3E /* AppDelegate.swift in Sources */ = {isa = PBXBuildFile; fileRef = 8D3EC77121746BB900510C3E /* AppDelegate.swift */; };
		8D3EC77421746BB900510C3E /* TodoListViewController.swift in Sources */ = {isa = PBXBuildFile; fileRef = 8D3EC77321746BB900510C3E /* TodoListViewController.swift */; };
		8D3EC77721746BB900510C3E /* Main.storyboard in Resources */ = {isa = PBXBuildFile; fileRef = 8D3EC77521746BB900510C3E /* Main.storyboard */; };
		8D3EC77921746BB900510C3E /* Assets.xcassets in Resources */ = {isa = PBXBuildFile; fileRef = 8D3EC77821746BB900510C3E /* Assets.xcassets */; };
		8D3EC77C21746BB900510C3E /* LaunchScreen.storyboard in Resources */ = {isa = PBXBuildFile; fileRef = 8D3EC77A21746BB900510C3E /* LaunchScreen.storyboard */; };
/* End PBXBuildFile section */

/* Begin PBXFileReference section */
		5C0A8F2CF1211FF5AABC15EB /* Pods_todoey.framework */ = {isa = PBXFileReference; explicitFileType = wrapper.framework; includeInIndex = 0; path = Pods_todoey.framework; sourceTree = BUILT_PRODUCTS_DIR; };
		623CA9EC4AE09700B4B52690 /* Pods-todoey.release.xcconfig */ = {isa = PBXFileReference; includeInIndex = 1; lastKnownFileType = text.xcconfig; name = "Pods-todoey.release.xcconfig"; path = "Pods/Target Support Files/Pods-todoey/Pods-todoey.release.xcconfig"; sourceTree = "<group>"; };
		6B2258E32202D57B0010CD5F /* CategoryViewController.swift */ = {isa = PBXFileReference; lastKnownFileType = sourcecode.swift; path = CategoryViewController.swift; sourceTree = "<group>"; };
		6B3683692210B2A7008F7B58 /* Item.swift */ = {isa = PBXFileReference; lastKnownFileType = sourcecode.swift; path = Item.swift; sourceTree = "<group>"; };
		6B36836B2210B81D008F7B58 /* Category.swift */ = {isa = PBXFileReference; lastKnownFileType = sourcecode.swift; path = Category.swift; sourceTree = "<group>"; };
		8D3EC76E21746BB900510C3E /* todoey.app */ = {isa = PBXFileReference; explicitFileType = wrapper.application; includeInIndex = 0; path = todoey.app; sourceTree = BUILT_PRODUCTS_DIR; };
		8D3EC77121746BB900510C3E /* AppDelegate.swift */ = {isa = PBXFileReference; lastKnownFileType = sourcecode.swift; path = AppDelegate.swift; sourceTree = "<group>"; };
		8D3EC77321746BB900510C3E /* TodoListViewController.swift */ = {isa = PBXFileReference; lastKnownFileType = sourcecode.swift; path = TodoListViewController.swift; sourceTree = "<group>"; };
		8D3EC77621746BB900510C3E /* Base */ = {isa = PBXFileReference; lastKnownFileType = file.storyboard; name = Base; path = Base.lproj/Main.storyboard; sourceTree = "<group>"; };
		8D3EC77821746BB900510C3E /* Assets.xcassets */ = {isa = PBXFileReference; lastKnownFileType = folder.assetcatalog; path = Assets.xcassets; sourceTree = "<group>"; };
		8D3EC77B21746BB900510C3E /* Base */ = {isa = PBXFileReference; lastKnownFileType = file.storyboard; name = Base; path = Base.lproj/LaunchScreen.storyboard; sourceTree = "<group>"; };
		8D3EC77D21746BB900510C3E /* Info.plist */ = {isa = PBXFileReference; lastKnownFileType = text.plist.xml; path = Info.plist; sourceTree = "<group>"; };
		B6F0295A4A5D63BA7DB600ED /* Pods-todoey.debug.xcconfig */ = {isa = PBXFileReference; includeInIndex = 1; lastKnownFileType = text.xcconfig; name = "Pods-todoey.debug.xcconfig"; path = "Pods/Target Support Files/Pods-todoey/Pods-todoey.debug.xcconfig"; sourceTree = "<group>"; };
/* End PBXFileReference section */

/* Begin PBXFrameworksBuildPhase section */
		8D3EC76B21746BB900510C3E /* Frameworks */ = {
			isa = PBXFrameworksBuildPhase;
			buildActionMask = 2147483647;
			files = (
				063E2E0A0B8534760D909EC6 /* Pods_todoey.framework in Frameworks */,
			);
			runOnlyForDeploymentPostprocessing = 0;
		};
/* End PBXFrameworksBuildPhase section */

/* Begin PBXGroup section */
		1C8B263F39AF7752DD892909 /* Frameworks */ = {
			isa = PBXGroup;
			children = (
				5C0A8F2CF1211FF5AABC15EB /* Pods_todoey.framework */,
			);
			name = Frameworks;
			sourceTree = "<group>";
		};
		8D2040E621B66A3B00A9D94E /* Data Model */ = {
			isa = PBXGroup;
			children = (
				6B36836B2210B81D008F7B58 /* Category.swift */,
				6B3683692210B2A7008F7B58 /* Item.swift */,
			);
			path = "Data Model";
			sourceTree = "<group>";
		};
		8D2040E721B66A5900A9D94E /* Controller */ = {
			isa = PBXGroup;
			children = (
				6B2258E32202D57B0010CD5F /* CategoryViewController.swift */,
				8D3EC77321746BB900510C3E /* TodoListViewController.swift */,
			);
			path = Controller;
			sourceTree = "<group>";
		};
		8D2040E821B66A6A00A9D94E /* View */ = {
			isa = PBXGroup;
			children = (
				8D3EC77521746BB900510C3E /* Main.storyboard */,
			);
			path = View;
			sourceTree = "<group>";
		};
		8D2040E921B66A7900A9D94E /* Supporting Files */ = {
			isa = PBXGroup;
			children = (
				8D3EC77821746BB900510C3E /* Assets.xcassets */,
				8D3EC77A21746BB900510C3E /* LaunchScreen.storyboard */,
			);
			path = "Supporting Files";
			sourceTree = "<group>";
		};
		8D3EC76521746BB900510C3E = {
			isa = PBXGroup;
			children = (
				8D3EC77021746BB900510C3E /* todoey */,
				8D3EC76F21746BB900510C3E /* Products */,
				F92CB543E0E556D7E52BCCFB /* Pods */,
				1C8B263F39AF7752DD892909 /* Frameworks */,
			);
			sourceTree = "<group>";
		};
		8D3EC76F21746BB900510C3E /* Products */ = {
			isa = PBXGroup;
			children = (
				8D3EC76E21746BB900510C3E /* todoey.app */,
			);
			name = Products;
			sourceTree = "<group>";
		};
		8D3EC77021746BB900510C3E /* todoey */ = {
			isa = PBXGroup;
			children = (
				8D3EC77121746BB900510C3E /* AppDelegate.swift */,
				8D2040E721B66A5900A9D94E /* Controller */,
				8D2040E621B66A3B00A9D94E /* Data Model */,
				8D2040E821B66A6A00A9D94E /* View */,
				8D2040E921B66A7900A9D94E /* Supporting Files */,
				8D3EC77D21746BB900510C3E /* Info.plist */,
			);
			path = todoey;
			sourceTree = "<group>";
		};
		F92CB543E0E556D7E52BCCFB /* Pods */ = {
			isa = PBXGroup;
			children = (
				B6F0295A4A5D63BA7DB600ED /* Pods-todoey.debug.xcconfig */,
				623CA9EC4AE09700B4B52690 /* Pods-todoey.release.xcconfig */,
			);
			name = Pods;
			sourceTree = "<group>";
		};
/* End PBXGroup section */

/* Begin PBXNativeTarget section */
		8D3EC76D21746BB900510C3E /* todoey */ = {
			isa = PBXNativeTarget;
			buildConfigurationList = 8D3EC78021746BB900510C3E /* Build configuration list for PBXNativeTarget "todoey" */;
			buildPhases = (
				A67979D8D0E07919934DDA99 /* [CP] Check Pods Manifest.lock */,
				8D3EC76A21746BB900510C3E /* Sources */,
				8D3EC76B21746BB900510C3E /* Frameworks */,
				8D3EC76C21746BB900510C3E /* Resources */,
				E8118F341C74EF3438C869C5 /* [CP] Embed Pods Frameworks */,
			);
			buildRules = (
			);
			dependencies = (
			);
			name = todoey;
			productName = todoey;
			productReference = 8D3EC76E21746BB900510C3E /* todoey.app */;
			productType = "com.apple.product-type.application";
		};
/* End PBXNativeTarget section */

/* Begin PBXProject section */
		8D3EC76621746BB900510C3E /* Project object */ = {
			isa = PBXProject;
			attributes = {
				LastSwiftUpdateCheck = 1000;
				LastUpgradeCheck = 1000;
				ORGANIZATIONNAME = "Marcos Lee";
				TargetAttributes = {
					8D3EC76D21746BB900510C3E = {
						CreatedOnToolsVersion = 10.0;
					};
				};
			};
			buildConfigurationList = 8D3EC76921746BB900510C3E /* Build configuration list for PBXProject "todoey" */;
			compatibilityVersion = "Xcode 9.3";
			developmentRegion = en;
			hasScannedForEncodings = 0;
			knownRegions = (
				en,
				Base,
			);
			mainGroup = 8D3EC76521746BB900510C3E;
			productRefGroup = 8D3EC76F21746BB900510C3E /* Products */;
			projectDirPath = "";
			projectRoot = "";
			targets = (
				8D3EC76D21746BB900510C3E /* todoey */,
			);
		};
/* End PBXProject section */

/* Begin PBXResourcesBuildPhase section */
		8D3EC76C21746BB900510C3E /* Resources */ = {
			isa = PBXResourcesBuildPhase;
			buildActionMask = 2147483647;
			files = (
				8D3EC77C21746BB900510C3E /* LaunchScreen.storyboard in Resources */,
				8D3EC77921746BB900510C3E /* Assets.xcassets in Resources */,
				8D3EC77721746BB900510C3E /* Main.storyboard in Resources */,
			);
			runOnlyForDeploymentPostprocessing = 0;
		};
/* End PBXResourcesBuildPhase section */

/* Begin PBXShellScriptBuildPhase section */
		A67979D8D0E07919934DDA99 /* [CP] Check Pods Manifest.lock */ = {
			isa = PBXShellScriptBuildPhase;
			buildActionMask = 2147483647;
			files = (
			);
			inputFileListPaths = (
			);
			inputPaths = (
				"${PODS_PODFILE_DIR_PATH}/Podfile.lock",
				"${PODS_ROOT}/Manifest.lock",
			);
			name = "[CP] Check Pods Manifest.lock";
			outputFileListPaths = (
			);
			outputPaths = (
				"$(DERIVED_FILE_DIR)/Pods-todoey-checkManifestLockResult.txt",
			);
			runOnlyForDeploymentPostprocessing = 0;
			shellPath = /bin/sh;
			shellScript = "diff \"${PODS_PODFILE_DIR_PATH}/Podfile.lock\" \"${PODS_ROOT}/Manifest.lock\" > /dev/null\nif [ $? != 0 ] ; then\n    # print error to STDERR\n    echo \"error: The sandbox is not in sync with the Podfile.lock. Run 'pod install' or update your CocoaPods installation.\" >&2\n    exit 1\nfi\n# This output is used by Xcode 'outputs' to avoid re-running this script phase.\necho \"SUCCESS\" > \"${SCRIPT_OUTPUT_FILE_0}\"\n";
			showEnvVarsInLog = 0;
		};
		E8118F341C74EF3438C869C5 /* [CP] Embed Pods Frameworks */ = {
			isa = PBXShellScriptBuildPhase;
			buildActionMask = 2147483647;
			files = (
			);
			inputFileListPaths = (
			);
			inputPaths = (
				"${SRCROOT}/Pods/Target Support Files/Pods-todoey/Pods-todoey-frameworks.sh",
				"${BUILT_PRODUCTS_DIR}/Realm/Realm.framework",
				"${BUILT_PRODUCTS_DIR}/RealmSwift/RealmSwift.framework",
			);
			name = "[CP] Embed Pods Frameworks";
			outputFileListPaths = (
			);
			outputPaths = (
				"${TARGET_BUILD_DIR}/${FRAMEWORKS_FOLDER_PATH}/Realm.framework",
				"${TARGET_BUILD_DIR}/${FRAMEWORKS_FOLDER_PATH}/RealmSwift.framework",
			);
			runOnlyForDeploymentPostprocessing = 0;
			shellPath = /bin/sh;
			shellScript = "\"${SRCROOT}/Pods/Target Support Files/Pods-todoey/Pods-todoey-frameworks.sh\"\n";
			showEnvVarsInLog = 0;
		};
/* End PBXShellScriptBuildPhase section */

/* Begin PBXSourcesBuildPhase section */
		8D3EC76A21746BB900510C3E /* Sources */ = {
			isa = PBXSourcesBuildPhase;
			buildActionMask = 2147483647;
			files = (
				6B36836A2210B2A7008F7B58 /* Item.swift in Sources */,
				6B36836C2210B81D008F7B58 /* Category.swift in Sources */,
				6B2258E42202D57B0010CD5F /* CategoryViewController.swift in Sources */,
				8D3EC77421746BB900510C3E /* TodoListViewController.swift in Sources */,
				8D3EC77221746BB900510C3E /* AppDelegate.swift in Sources */,
			);
			runOnlyForDeploymentPostprocessing = 0;
		};
/* End PBXSourcesBuildPhase section */

/* Begin PBXVariantGroup section */
		8D3EC77521746BB900510C3E /* Main.storyboard */ = {
			isa = PBXVariantGroup;
			children = (
				8D3EC77621746BB900510C3E /* Base */,
			);
			name = Main.storyboard;
			sourceTree = "<group>";
		};
		8D3EC77A21746BB900510C3E /* LaunchScreen.storyboard */ = {
			isa = PBXVariantGroup;
			children = (
				8D3EC77B21746BB900510C3E /* Base */,
			);
			name = LaunchScreen.storyboard;
			sourceTree = "<group>";
		};
/* End PBXVariantGroup section */

/* Begin XCBuildConfiguration section */
		8D3EC77E21746BB900510C3E /* Debug */ = {
			isa = XCBuildConfiguration;
			buildSettings = {
				ALWAYS_SEARCH_USER_PATHS = NO;
				CLANG_ANALYZER_NONNULL = YES;
				CLANG_ANALYZER_NUMBER_OBJECT_CONVERSION = YES_AGGRESSIVE;
				CLANG_CXX_LANGUAGE_STANDARD = "gnu++14";
				CLANG_CXX_LIBRARY = "libc++";
				CLANG_ENABLE_MODULES = YES;
				CLANG_ENABLE_OBJC_ARC = YES;
				CLANG_ENABLE_OBJC_WEAK = YES;
				CLANG_WARN_BLOCK_CAPTURE_AUTORELEASING = YES;
				CLANG_WARN_BOOL_CONVERSION = YES;
				CLANG_WARN_COMMA = YES;
				CLANG_WARN_CONSTANT_CONVERSION = YES;
				CLANG_WARN_DEPRECATED_OBJC_IMPLEMENTATIONS = YES;
				CLANG_WARN_DIRECT_OBJC_ISA_USAGE = YES_ERROR;
				CLANG_WARN_DOCUMENTATION_COMMENTS = YES;
				CLANG_WARN_EMPTY_BODY = YES;
				CLANG_WARN_ENUM_CONVERSION = YES;
				CLANG_WARN_INFINITE_RECURSION = YES;
				CLANG_WARN_INT_CONVERSION = YES;
				CLANG_WARN_NON_LITERAL_NULL_CONVERSION = YES;
				CLANG_WARN_OBJC_IMPLICIT_RETAIN_SELF = YES;
				CLANG_WARN_OBJC_LITERAL_CONVERSION = YES;
				CLANG_WARN_OBJC_ROOT_CLASS = YES_ERROR;
				CLANG_WARN_RANGE_LOOP_ANALYSIS = YES;
				CLANG_WARN_STRICT_PROTOTYPES = YES;
				CLANG_WARN_SUSPICIOUS_MOVE = YES;
				CLANG_WARN_UNGUARDED_AVAILABILITY = YES_AGGRESSIVE;
				CLANG_WARN_UNREACHABLE_CODE = YES;
				CLANG_WARN__DUPLICATE_METHOD_MATCH = YES;
				CODE_SIGN_IDENTITY = "iPhone Developer";
				COPY_PHASE_STRIP = NO;
				DEBUG_INFORMATION_FORMAT = dwarf;
				ENABLE_STRICT_OBJC_MSGSEND = YES;
				ENABLE_TESTABILITY = YES;
				GCC_C_LANGUAGE_STANDARD = gnu11;
				GCC_DYNAMIC_NO_PIC = NO;
				GCC_NO_COMMON_BLOCKS = YES;
				GCC_OPTIMIZATION_LEVEL = 0;
				GCC_PREPROCESSOR_DEFINITIONS = (
					"DEBUG=1",
					"$(inherited)",
				);
				GCC_WARN_64_TO_32_BIT_CONVERSION = YES;
				GCC_WARN_ABOUT_RETURN_TYPE = YES_ERROR;
				GCC_WARN_UNDECLARED_SELECTOR = YES;
				GCC_WARN_UNINITIALIZED_AUTOS = YES_AGGRESSIVE;
				GCC_WARN_UNUSED_FUNCTION = YES;
				GCC_WARN_UNUSED_VARIABLE = YES;
				IPHONEOS_DEPLOYMENT_TARGET = 12.0;
				MTL_ENABLE_DEBUG_INFO = INCLUDE_SOURCE;
				MTL_FAST_MATH = YES;
				ONLY_ACTIVE_ARCH = YES;
				SDKROOT = iphoneos;
				SWIFT_ACTIVE_COMPILATION_CONDITIONS = DEBUG;
				SWIFT_OPTIMIZATION_LEVEL = "-Onone";
			};
			name = Debug;
		};
		8D3EC77F21746BB900510C3E /* Release */ = {
			isa = XCBuildConfiguration;
			buildSettings = {
				ALWAYS_SEARCH_USER_PATHS = NO;
				CLANG_ANALYZER_NONNULL = YES;
				CLANG_ANALYZER_NUMBER_OBJECT_CONVERSION = YES_AGGRESSIVE;
				CLANG_CXX_LANGUAGE_STANDARD = "gnu++14";
				CLANG_CXX_LIBRARY = "libc++";
				CLANG_ENABLE_MODULES = YES;
				CLANG_ENABLE_OBJC_ARC = YES;
				CLANG_ENABLE_OBJC_WEAK = YES;
				CLANG_WARN_BLOCK_CAPTURE_AUTORELEASING = YES;
				CLANG_WARN_BOOL_CONVERSION = YES;
				CLANG_WARN_COMMA = YES;
				CLANG_WARN_CONSTANT_CONVERSION = YES;
				CLANG_WARN_DEPRECATED_OBJC_IMPLEMENTATIONS = YES;
				CLANG_WARN_DIRECT_OBJC_ISA_USAGE = YES_ERROR;
				CLANG_WARN_DOCUMENTATION_COMMENTS = YES;
				CLANG_WARN_EMPTY_BODY = YES;
				CLANG_WARN_ENUM_CONVERSION = YES;
				CLANG_WARN_INFINITE_RECURSION = YES;
				CLANG_WARN_INT_CONVERSION = YES;
				CLANG_WARN_NON_LITERAL_NULL_CONVERSION = YES;
				CLANG_WARN_OBJC_IMPLICIT_RETAIN_SELF = YES;
				CLANG_WARN_OBJC_LITERAL_CONVERSION = YES;
				CLANG_WARN_OBJC_ROOT_CLASS = YES_ERROR;
				CLANG_WARN_RANGE_LOOP_ANALYSIS = YES;
				CLANG_WARN_STRICT_PROTOTYPES = YES;
				CLANG_WARN_SUSPICIOUS_MOVE = YES;
				CLANG_WARN_UNGUARDED_AVAILABILITY = YES_AGGRESSIVE;
				CLANG_WARN_UNREACHABLE_CODE = YES;
				CLANG_WARN__DUPLICATE_METHOD_MATCH = YES;
				CODE_SIGN_IDENTITY = "iPhone Developer";
				COPY_PHASE_STRIP = NO;
				DEBUG_INFORMATION_FORMAT = "dwarf-with-dsym";
				ENABLE_NS_ASSERTIONS = NO;
				ENABLE_STRICT_OBJC_MSGSEND = YES;
				GCC_C_LANGUAGE_STANDARD = gnu11;
				GCC_NO_COMMON_BLOCKS = YES;
				GCC_WARN_64_TO_32_BIT_CONVERSION = YES;
				GCC_WARN_ABOUT_RETURN_TYPE = YES_ERROR;
				GCC_WARN_UNDECLARED_SELECTOR = YES;
				GCC_WARN_UNINITIALIZED_AUTOS = YES_AGGRESSIVE;
				GCC_WARN_UNUSED_FUNCTION = YES;
				GCC_WARN_UNUSED_VARIABLE = YES;
				IPHONEOS_DEPLOYMENT_TARGET = 12.0;
				MTL_ENABLE_DEBUG_INFO = NO;
				MTL_FAST_MATH = YES;
				SDKROOT = iphoneos;
				SWIFT_COMPILATION_MODE = wholemodule;
				SWIFT_OPTIMIZATION_LEVEL = "-O";
				VALIDATE_PRODUCT = YES;
			};
			name = Release;
		};
		8D3EC78121746BB900510C3E /* Debug */ = {
			isa = XCBuildConfiguration;
			baseConfigurationReference = B6F0295A4A5D63BA7DB600ED /* Pods-todoey.debug.xcconfig */;
			buildSettings = {
				ASSETCATALOG_COMPILER_APPICON_NAME = AppIcon;
				CODE_SIGN_STYLE = Automatic;
				DEVELOPMENT_TEAM = 8PTWV3N77G;
				INFOPLIST_FILE = todoey/Info.plist;
				LD_RUNPATH_SEARCH_PATHS = (
					"$(inherited)",
					"@executable_path/Frameworks",
				);
				PRODUCT_BUNDLE_IDENTIFIER = com.MHL.todoey;
				PRODUCT_NAME = "$(TARGET_NAME)";
				SWIFT_VERSION = 4.2;
				TARGETED_DEVICE_FAMILY = "1,2";
			};
			name = Debug;
		};
		8D3EC78221746BB900510C3E /* Release */ = {
			isa = XCBuildConfiguration;
			baseConfigurationReference = 623CA9EC4AE09700B4B52690 /* Pods-todoey.release.xcconfig */;
			buildSettings = {
				ASSETCATALOG_COMPILER_APPICON_NAME = AppIcon;
				CODE_SIGN_STYLE = Automatic;
				DEVELOPMENT_TEAM = 8PTWV3N77G;
				INFOPLIST_FILE = todoey/Info.plist;
				LD_RUNPATH_SEARCH_PATHS = (
					"$(inherited)",
					"@executable_path/Frameworks",
				);
				PRODUCT_BUNDLE_IDENTIFIER = com.MHL.todoey;
				PRODUCT_NAME = "$(TARGET_NAME)";
				SWIFT_VERSION = 4.2;
				TARGETED_DEVICE_FAMILY = "1,2";
			};
			name = Release;
		};
/* End XCBuildConfiguration section */

/* Begin XCConfigurationList section */
		8D3EC76921746BB900510C3E /* Build configuration list for PBXProject "todoey" */ = {
			isa = XCConfigurationList;
			buildConfigurations = (
				8D3EC77E21746BB900510C3E /* Debug */,
				8D3EC77F21746BB900510C3E /* Release */,
			);
			defaultConfigurationIsVisible = 0;
			defaultConfigurationName = Release;
		};
		8D3EC78021746BB900510C3E /* Build configuration list for PBXNativeTarget "todoey" */ = {
			isa = XCConfigurationList;
			buildConfigurations = (
				8D3EC78121746BB900510C3E /* Debug */,
				8D3EC78221746BB900510C3E /* Release */,
			);
			defaultConfigurationIsVisible = 0;
			defaultConfigurationName = Release;
		};
/* End XCConfigurationList section */
	};
	rootObject = 8D3EC76621746BB900510C3E /* Project object */;
}
